{
  "requires": true,
  "lockfileVersion": 1,
  "dependencies": {
    "maya-data-parser": {
      "version": "1.0.1",
      "resolved": "https://registry.npmjs.org/maya-data-parser/-/maya-data-parser-1.0.1.tgz",
      "integrity": "sha512-Q8ePrB4v3xdwsk+nzXVdrsSfjWpg6lWPj/eLUR520ORtIuNPz0+/+RNIRDJUWDKLQdkCg3xmVWxR+ooLleMnkw=="
    },
    "maya-router": {
      "version": "1.1.4",
      "resolved": "https://registry.npmjs.org/maya-router/-/maya-router-1.1.4.tgz",
      "integrity": "sha512-4GRHZ1scga0U56kHKytlDIzDN+Fud5xgDVjFBWqdXyzSAnMuViksMzeJTafoi53RVH4vKYoDc/U1oC9gC0FTNg=="
    },
    "maya-server": {
      "version": "1.0.0",
      "resolved": "https://registry.npmjs.org/maya-server/-/maya-server-1.0.0.tgz",
      "integrity": "sha512-jcc4zJQ2Pl/SvVYv6ebFYWQU6t70GRIupB59AerDnz87mEFpc9lLpt/JMu7l7N6V5xKFqBpdkRapbd0JiBlGqQ=="
    },
    "multikeymap": {
      "version": "1.0.0",
      "resolved": "https://registry.npmjs.org/multikeymap/-/multikeymap-1.0.0.tgz",
      "integrity": "sha512-WXJ9CUlfsByJr28U+w6iS6Gqgi1mU/qMa3lNl63oZaeS0J37caA5qelIimxfWvX4BUVs2v37on8jEZ/S+FU/IQ=="
    }
  }
}
